
Microsoft Visual Studio Solution File, Format Version 12.00
# Visual Studio Version 16
VisualStudioVersion = 16.0.31613.86
MinimumVisualStudioVersion = 10.0.40219.1
Project("{FAE04EC0-301F-11D3-BF4B-00C04F79EFBC}") = "CourseMVC", "CourseMVC\CourseMVC.csproj", "{489B7286-7E3D-4A16-A05D-60DF1D0A28B7}"
EndProject
Global
	GlobalSection(SolutionConfigurationPlatforms) = preSolution
		Debug|Any CPU = Debug|Any CPU
		Release|Any CPU = Release|Any CPU
	EndGlobalSection
	GlobalSection(ProjectConfigurationPlatforms) = postSolution
		{489B7286-7E3D-4A16-A05D-60DF1D0A28B7}.Debug|Any CPU.ActiveCfg = Debug|Any CPU
		{489B7286-7E3D-4A16-A05D-60DF1D0A28B7}.Debug|Any CPU.Build.0 = Debug|Any CPU
		{489B7286-7E3D-4A16-A05D-60DF1D0A28B7}.Release|Any CPU.ActiveCfg = Release|Any CPU
		{489B7286-7E3D-4A16-A05D-60DF1D0A28B7}.Release|Any CPU.Build.0 = Release|Any CPU
	EndGlobalSection
	GlobalSection(SolutionProperties) = preSolution
		HideSolutionNode = FALSE
	EndGlobalSection
	GlobalSection(ExtensibilityGlobals) = postSolution
		SolutionGuid = {BE26396A-CB7B-46F7-BC33-D92D8CA15DF2}
	EndGlobalSection
EndGlobal
